
Microsoft Visual Studio Solution File, Format Version 12.00
# Visual Studio 15
Project("{FAE04EC0-301F-11D3-BF4B-00C04F79EFBC}") = "Assembly-CSharp-firstpass", "Assembly-CSharp-firstpass.csproj", "{F68C89A2-3C06-1DCB-B9EE-E02475CF0C6A}"
EndProject
Project("{FAE04EC0-301F-11D3-BF4B-00C04F79EFBC}") = "Assembly-CSharp", "Assembly-CSharp.csproj", "{3012248E-C4A8-EEC4-49BA-57A9EA36E84D}"
EndProject
Global
	GlobalSection(SolutionConfigurationPlatforms) = preSolution
		Debug|Any CPU = Debug|Any CPU
		Release|Any CPU = Release|Any CPU
	EndGlobalSection
	GlobalSection(ProjectConfigurationPlatforms) = postSolution
		{F68C89A2-3C06-1DCB-B9EE-E02475CF0C6A}.Debug|Any CPU.ActiveCfg = Debug|Any CPU
		{F68C89A2-3C06-1DCB-B9EE-E02475CF0C6A}.Debug|Any CPU.Build.0 = Debug|Any CPU
		{F68C89A2-3C06-1DCB-B9EE-E02475CF0C6A}.Release|Any CPU.ActiveCfg = Release|Any CPU
		{F68C89A2-3C06-1DCB-B9EE-E02475CF0C6A}.Release|Any CPU.Build.0 = Release|Any CPU
		{3012248E-C4A8-EEC4-49BA-57A9EA36E84D}.Debug|Any CPU.ActiveCfg = Debug|Any CPU
		{3012248E-C4A8-EEC4-49BA-57A9EA36E84D}.Debug|Any CPU.Build.0 = Debug|Any CPU
		{3012248E-C4A8-EEC4-49BA-57A9EA36E84D}.Release|Any CPU.ActiveCfg = Release|Any CPU
		{3012248E-C4A8-EEC4-49BA-57A9EA36E84D}.Release|Any CPU.Build.0 = Release|Any CPU
	EndGlobalSection
	GlobalSection(SolutionProperties) = preSolution
		HideSolutionNode = FALSE
	EndGlobalSection
EndGlobal
